// !$*UTF8*$!
{
	archiveVersion = 1;
	classes = {
	};
	objectVersion = 56;
	objects = {

/* Begin PBXBuildFile section */
		B29BC8CD2CFC59360007629F /* Vela in Frameworks */ = {isa = PBXBuildFile; productRef = B29BC8CC2CFC59360007629F /* Vela */; };
		B2ADD92B2CFAB0300061E1FD /* iBoardApp.swift in Sources */ = {isa = PBXBuildFile; fileRef = B2ADD92A2CFAB0300061E1FD /* iBoardApp.swift */; };
		B2ADD92D2CFAB0300061E1FD /* ContentView.swift in Sources */ = {isa = PBXBuildFile; fileRef = B2ADD92C2CFAB0300061E1FD /* ContentView.swift */; };
		B2ADD92F2CFAB0370061E1FD /* Assets.xcassets in Resources */ = {isa = PBXBuildFile; fileRef = B2ADD92E2CFAB0370061E1FD /* Assets.xcassets */; };
		B2ADD9332CFAB0370061E1FD /* Preview Assets.xcassets in Resources */ = {isa = PBXBuildFile; fileRef = B2ADD9322CFAB0370061E1FD /* Preview Assets.xcassets */; };
		B2ADD93A2CFB3DA90061E1FD /* Localizable.xcstrings in Resources */ = {isa = PBXBuildFile; fileRef = B2ADD9392CFB3DA90061E1FD /* Localizable.xcstrings */; };
		B2ADD9442CFB506D0061E1FD /* iBoardWatchApp.swift in Sources */ = {isa = PBXBuildFile; fileRef = B2ADD9432CFB506D0061E1FD /* iBoardWatchApp.swift */; };
		B2ADD9462CFB506D0061E1FD /* ContentView.swift in Sources */ = {isa = PBXBuildFile; fileRef = B2ADD9452CFB506D0061E1FD /* ContentView.swift */; };
		B2ADD9482CFB50760061E1FD /* Assets.xcassets in Resources */ = {isa = PBXBuildFile; fileRef = B2ADD9472CFB50760061E1FD /* Assets.xcassets */; };
		B2ADD94B2CFB50760061E1FD /* Preview Assets.xcassets in Resources */ = {isa = PBXBuildFile; fileRef = B2ADD94A2CFB50760061E1FD /* Preview Assets.xcassets */; };
		B2ADD94E2CFB50760061E1FD /* iBoardWatch Watch App.app in Embed Watch Content */ = {isa = PBXBuildFile; fileRef = B2ADD9412CFB506C0061E1FD /* iBoardWatch Watch App.app */; settings = {ATTRIBUTES = (RemoveHeadersOnCopy, ); }; };
/* End PBXBuildFile section */

/* Begin PBXContainerItemProxy section */
		B2ADD94C2CFB50760061E1FD /* PBXContainerItemProxy */ = {
			isa = PBXContainerItemProxy;
			containerPortal = B2ADD91F2CFAB0300061E1FD /* Project object */;
			proxyType = 1;
			remoteGlobalIDString = B2ADD9402CFB506C0061E1FD;
			remoteInfo = "iBoardWatch Watch App";
		};
/* End PBXContainerItemProxy section */

/* Begin PBXCopyFilesBuildPhase section */
		B2ADD94F2CFB50760061E1FD /* Embed Watch Content */ = {
			isa = PBXCopyFilesBuildPhase;
			buildActionMask = 2147483647;
			dstPath = "$(CONTENTS_FOLDER_PATH)/Watch";
			dstSubfolderSpec = 16;
			files = (
				B2ADD94E2CFB50760061E1FD /* iBoardWatch Watch App.app in Embed Watch Content */,
			);
			name = "Embed Watch Content";
			runOnlyForDeploymentPostprocessing = 0;
		};
/* End PBXCopyFilesBuildPhase section */

/* Begin PBXFileReference section */
		B2ADD9272CFAB0300061E1FD /* iBoard.app */ = {isa = PBXFileReference; explicitFileType = wrapper.application; includeInIndex = 0; path = iBoard.app; sourceTree = BUILT_PRODUCTS_DIR; };
		B2ADD92A2CFAB0300061E1FD /* iBoardApp.swift */ = {isa = PBXFileReference; lastKnownFileType = sourcecode.swift; path = iBoardApp.swift; sourceTree = "<group>"; };
		B2ADD92C2CFAB0300061E1FD /* ContentView.swift */ = {isa = PBXFileReference; lastKnownFileType = sourcecode.swift; path = ContentView.swift; sourceTree = "<group>"; };
		B2ADD92E2CFAB0370061E1FD /* Assets.xcassets */ = {isa = PBXFileReference; lastKnownFileType = folder.assetcatalog; path = Assets.xcassets; sourceTree = "<group>"; };
		B2ADD9302CFAB0370061E1FD /* iBoard.entitlements */ = {isa = PBXFileReference; lastKnownFileType = text.plist.entitlements; path = iBoard.entitlements; sourceTree = "<group>"; };
		B2ADD9322CFAB0370061E1FD /* Preview Assets.xcassets */ = {isa = PBXFileReference; lastKnownFileType = folder.assetcatalog; path = "Preview Assets.xcassets"; sourceTree = "<group>"; };
		B2ADD9392CFB3DA90061E1FD /* Localizable.xcstrings */ = {isa = PBXFileReference; lastKnownFileType = text.json.xcstrings; path = Localizable.xcstrings; sourceTree = "<group>"; };
		B2ADD9412CFB506C0061E1FD /* iBoardWatch Watch App.app */ = {isa = PBXFileReference; explicitFileType = wrapper.application; includeInIndex = 0; path = "iBoardWatch Watch App.app"; sourceTree = BUILT_PRODUCTS_DIR; };
		B2ADD9432CFB506D0061E1FD /* iBoardWatchApp.swift */ = {isa = PBXFileReference; lastKnownFileType = sourcecode.swift; path = iBoardWatchApp.swift; sourceTree = "<group>"; };
		B2ADD9452CFB506D0061E1FD /* ContentView.swift */ = {isa = PBXFileReference; lastKnownFileType = sourcecode.swift; path = ContentView.swift; sourceTree = "<group>"; };
		B2ADD9472CFB50760061E1FD /* Assets.xcassets */ = {isa = PBXFileReference; lastKnownFileType = folder.assetcatalog; path = Assets.xcassets; sourceTree = "<group>"; };
		B2ADD94A2CFB50760061E1FD /* Preview Assets.xcassets */ = {isa = PBXFileReference; lastKnownFileType = folder.assetcatalog; path = "Preview Assets.xcassets"; sourceTree = "<group>"; };
/* End PBXFileReference section */

/* Begin PBXFrameworksBuildPhase section */
		B2ADD9242CFAB0300061E1FD /* Frameworks */ = {
			isa = PBXFrameworksBuildPhase;
			buildActionMask = 2147483647;
			files = (
			);
			runOnlyForDeploymentPostprocessing = 0;
		};
		B2ADD93E2CFB506C0061E1FD /* Frameworks */ = {
			isa = PBXFrameworksBuildPhase;
			buildActionMask = 2147483647;
			files = (
				B29BC8CD2CFC59360007629F /* Vela in Frameworks */,
			);
			runOnlyForDeploymentPostprocessing = 0;
		};
/* End PBXFrameworksBuildPhase section */

/* Begin PBXGroup section */
		B2ADD91E2CFAB0300061E1FD = {
			isa = PBXGroup;
			children = (
				B2ADD9392CFB3DA90061E1FD /* Localizable.xcstrings */,
				B2ADD9292CFAB0300061E1FD /* iBoard */,
				B2ADD9422CFB506D0061E1FD /* iBoardWatch Watch App */,
				B2ADD9282CFAB0300061E1FD /* Products */,
			);
			sourceTree = "<group>";
		};
		B2ADD9282CFAB0300061E1FD /* Products */ = {
			isa = PBXGroup;
			children = (
				B2ADD9272CFAB0300061E1FD /* iBoard.app */,
				B2ADD9412CFB506C0061E1FD /* iBoardWatch Watch App.app */,
			);
			name = Products;
			sourceTree = "<group>";
		};
		B2ADD9292CFAB0300061E1FD /* iBoard */ = {
			isa = PBXGroup;
			children = (
				B2ADD92A2CFAB0300061E1FD /* iBoardApp.swift */,
				B2ADD92C2CFAB0300061E1FD /* ContentView.swift */,
				B2ADD92E2CFAB0370061E1FD /* Assets.xcassets */,
				B2ADD9302CFAB0370061E1FD /* iBoard.entitlements */,
				B2ADD9312CFAB0370061E1FD /* Preview Content */,
			);
			path = iBoard;
			sourceTree = "<group>";
		};
		B2ADD9312CFAB0370061E1FD /* Preview Content */ = {
			isa = PBXGroup;
			children = (
				B2ADD9322CFAB0370061E1FD /* Preview Assets.xcassets */,
			);
			path = "Preview Content";
			sourceTree = "<group>";
		};
		B2ADD9422CFB506D0061E1FD /* iBoardWatch Watch App */ = {
			isa = PBXGroup;
			children = (
				B2ADD9432CFB506D0061E1FD /* iBoardWatchApp.swift */,
				B2ADD9452CFB506D0061E1FD /* ContentView.swift */,
				B2ADD9472CFB50760061E1FD /* Assets.xcassets */,
				B2ADD9492CFB50760061E1FD /* Preview Content */,
			);
			path = "iBoardWatch Watch App";
			sourceTree = "<group>";
		};
		B2ADD9492CFB50760061E1FD /* Preview Content */ = {
			isa = PBXGroup;
			children = (
				B2ADD94A2CFB50760061E1FD /* Preview Assets.xcassets */,
			);
			path = "Preview Content";
			sourceTree = "<group>";
		};
/* End PBXGroup section */

/* Begin PBXNativeTarget section */
		B2ADD9262CFAB0300061E1FD /* iBoard */ = {
			isa = PBXNativeTarget;
			buildConfigurationList = B2ADD9362CFAB0370061E1FD /* Build configuration list for PBXNativeTarget "iBoard" */;
			buildPhases = (
				B2ADD9232CFAB0300061E1FD /* Sources */,
				B2ADD9242CFAB0300061E1FD /* Frameworks */,
				B2ADD9252CFAB0300061E1FD /* Resources */,
				B2ADD94F2CFB50760061E1FD /* Embed Watch Content */,
			);
			buildRules = (
			);
			dependencies = (
				B2ADD94D2CFB50760061E1FD /* PBXTargetDependency */,
			);
			name = iBoard;
			productName = iBoard;
			productReference = B2ADD9272CFAB0300061E1FD /* iBoard.app */;
			productType = "com.apple.product-type.application";
		};
		B2ADD9402CFB506C0061E1FD /* iBoardWatch Watch App */ = {
			isa = PBXNativeTarget;
			buildConfigurationList = B2ADD9522CFB50760061E1FD /* Build configuration list for PBXNativeTarget "iBoardWatch Watch App" */;
			buildPhases = (
				B2ADD93D2CFB506C0061E1FD /* Sources */,
				B2ADD93E2CFB506C0061E1FD /* Frameworks */,
				B2ADD93F2CFB506C0061E1FD /* Resources */,
			);
			buildRules = (
			);
			dependencies = (
			);
			name = "iBoardWatch Watch App";
			packageProductDependencies = (
				B29BC8CC2CFC59360007629F /* Vela */,
			);
			productName = "iBoardWatch Watch App";
			productReference = B2ADD9412CFB506C0061E1FD /* iBoardWatch Watch App.app */;
			productType = "com.apple.product-type.application";
		};
/* End PBXNativeTarget section */

/* Begin PBXProject section */
		B2ADD91F2CFAB0300061E1FD /* Project object */ = {
			isa = PBXProject;
			attributes = {
				BuildIndependentTargetsInParallel = 1;
				LastSwiftUpdateCheck = 1510;
				LastUpgradeCheck = 1510;
				TargetAttributes = {
					B2ADD9262CFAB0300061E1FD = {
						CreatedOnToolsVersion = 15.1;
					};
					B2ADD9402CFB506C0061E1FD = {
						CreatedOnToolsVersion = 15.1;
					};
				};
			};
			buildConfigurationList = B2ADD9222CFAB0300061E1FD /* Build configuration list for PBXProject "iBoard" */;
			compatibilityVersion = "Xcode 14.0";
			developmentRegion = "zh-Hans";
			hasScannedForEncodings = 0;
			knownRegions = (
				en,
				Base,
				"zh-Hans",
			);
			mainGroup = B2ADD91E2CFAB0300061E1FD;
			packageReferences = (
				B29BC8CB2CFC59360007629F /* XCRemoteSwiftPackageReference "Vela" */,
			);
			productRefGroup = B2ADD9282CFAB0300061E1FD /* Products */;
			projectDirPath = "";
			projectRoot = "";
			targets = (
				B2ADD9262CFAB0300061E1FD /* iBoard */,
				B2ADD9402CFB506C0061E1FD /* iBoardWatch Watch App */,
			);
		};
/* End PBXProject section */

/* Begin PBXResourcesBuildPhase section */
		B2ADD9252CFAB0300061E1FD /* Resources */ = {
			isa = PBXResourcesBuildPhase;
			buildActionMask = 2147483647;
			files = (
				B2ADD9332CFAB0370061E1FD /* Preview Assets.xcassets in Resources */,
				B2ADD92F2CFAB0370061E1FD /* Assets.xcassets in Resources */,
				B2ADD93A2CFB3DA90061E1FD /* Localizable.xcstrings in Resources */,
			);
			runOnlyForDeploymentPostprocessing = 0;
		};
		B2ADD93F2CFB506C0061E1FD /* Resources */ = {
			isa = PBXResourcesBuildPhase;
			buildActionMask = 2147483647;
			files = (
				B2ADD94B2CFB50760061E1FD /* Preview Assets.xcassets in Resources */,
				B2ADD9482CFB50760061E1FD /* Assets.xcassets in Resources */,
			);
			runOnlyForDeploymentPostprocessing = 0;
		};
/* End PBXResourcesBuildPhase section */

/* Begin PBXSourcesBuildPhase section */
		B2ADD9232CFAB0300061E1FD /* Sources */ = {
			isa = PBXSourcesBuildPhase;
			buildActionMask = 2147483647;
			files = (
				B2ADD92D2CFAB0300061E1FD /* ContentView.swift in Sources */,
				B2ADD92B2CFAB0300061E1FD /* iBoardApp.swift in Sources */,
			);
			runOnlyForDeploymentPostprocessing = 0;
		};
		B2ADD93D2CFB506C0061E1FD /* Sources */ = {
			isa = PBXSourcesBuildPhase;
			buildActionMask = 2147483647;
			files = (
				B2ADD9462CFB506D0061E1FD /* ContentView.swift in Sources */,
				B2ADD9442CFB506D0061E1FD /* iBoardWatchApp.swift in Sources */,
			);
			runOnlyForDeploymentPostprocessing = 0;
		};
/* End PBXSourcesBuildPhase section */

/* Begin PBXTargetDependency section */
		B2ADD94D2CFB50760061E1FD /* PBXTargetDependency */ = {
			isa = PBXTargetDependency;
			target = B2ADD9402CFB506C0061E1FD /* iBoardWatch Watch App */;
			targetProxy = B2ADD94C2CFB50760061E1FD /* PBXContainerItemProxy */;
		};
/* End PBXTargetDependency section */

/* Begin XCBuildConfiguration section */
		B2ADD9342CFAB0370061E1FD /* Debug */ = {
			isa = XCBuildConfiguration;
			buildSettings = {
				ALWAYS_SEARCH_USER_PATHS = NO;
				ASSETCATALOG_COMPILER_GENERATE_SWIFT_ASSET_SYMBOL_EXTENSIONS = YES;
				CLANG_ANALYZER_NONNULL = YES;
				CLANG_ANALYZER_NUMBER_OBJECT_CONVERSION = YES_AGGRESSIVE;
				CLANG_CXX_LANGUAGE_STANDARD = "gnu++20";
				CLANG_ENABLE_MODULES = YES;
				CLANG_ENABLE_OBJC_ARC = YES;
				CLANG_ENABLE_OBJC_WEAK = YES;
				CLANG_WARN_BLOCK_CAPTURE_AUTORELEASING = YES;
				CLANG_WARN_BOOL_CONVERSION = YES;
				CLANG_WARN_COMMA = YES;
				CLANG_WARN_CONSTANT_CONVERSION = YES;
				CLANG_WARN_DEPRECATED_OBJC_IMPLEMENTATIONS = YES;
				CLANG_WARN_DIRECT_OBJC_ISA_USAGE = YES_ERROR;
				CLANG_WARN_DOCUMENTATION_COMMENTS = YES;
				CLANG_WARN_EMPTY_BODY = YES;
				CLANG_WARN_ENUM_CONVERSION = YES;
				CLANG_WARN_INFINITE_RECURSION = YES;
				CLANG_WARN_INT_CONVERSION = YES;
				CLANG_WARN_NON_LITERAL_NULL_CONVERSION = YES;
				CLANG_WARN_OBJC_IMPLICIT_RETAIN_SELF = YES;
				CLANG_WARN_OBJC_LITERAL_CONVERSION = YES;
				CLANG_WARN_OBJC_ROOT_CLASS = YES_ERROR;
				CLANG_WARN_QUOTED_INCLUDE_IN_FRAMEWORK_HEADER = YES;
				CLANG_WARN_RANGE_LOOP_ANALYSIS = YES;
				CLANG_WARN_STRICT_PROTOTYPES = YES;
				CLANG_WARN_SUSPICIOUS_MOVE = YES;
				CLANG_WARN_UNGUARDED_AVAILABILITY = YES_AGGRESSIVE;
				CLANG_WARN_UNREACHABLE_CODE = YES;
				CLANG_WARN__DUPLICATE_METHOD_MATCH = YES;
				COPY_PHASE_STRIP = NO;
				DEBUG_INFORMATION_FORMAT = dwarf;
				ENABLE_STRICT_OBJC_MSGSEND = YES;
				ENABLE_TESTABILITY = YES;
				ENABLE_USER_SCRIPT_SANDBOXING = YES;
				GCC_C_LANGUAGE_STANDARD = gnu17;
				GCC_DYNAMIC_NO_PIC = NO;
				GCC_NO_COMMON_BLOCKS = YES;
				GCC_OPTIMIZATION_LEVEL = 0;
				GCC_PREPROCESSOR_DEFINITIONS = (
					"DEBUG=1",
					"$(inherited)",
				);
				GCC_WARN_64_TO_32_BIT_CONVERSION = YES;
				GCC_WARN_ABOUT_RETURN_TYPE = YES_ERROR;
				GCC_WARN_UNDECLARED_SELECTOR = YES;
				GCC_WARN_UNINITIALIZED_AUTOS = YES_AGGRESSIVE;
				GCC_WARN_UNUSED_FUNCTION = YES;
				GCC_WARN_UNUSED_VARIABLE = YES;
				LOCALIZATION_PREFERS_STRING_CATALOGS = YES;
				MTL_ENABLE_DEBUG_INFO = INCLUDE_SOURCE;
				MTL_FAST_MATH = YES;
				ONLY_ACTIVE_ARCH = YES;
				SWIFT_ACTIVE_COMPILATION_CONDITIONS = "DEBUG $(inherited)";
				SWIFT_OPTIMIZATION_LEVEL = "-Onone";
			};
			name = Debug;
		};
		B2ADD9352CFAB0370061E1FD /* Release */ = {
			isa = XCBuildConfiguration;
			buildSettings = {
				ALWAYS_SEARCH_USER_PATHS = NO;
				ASSETCATALOG_COMPILER_GENERATE_SWIFT_ASSET_SYMBOL_EXTENSIONS = YES;
				CLANG_ANALYZER_NONNULL = YES;
				CLANG_ANALYZER_NUMBER_OBJECT_CONVERSION = YES_AGGRESSIVE;
				CLANG_CXX_LANGUAGE_STANDARD = "gnu++20";
				CLANG_ENABLE_MODULES = YES;
				CLANG_ENABLE_OBJC_ARC = YES;
				CLANG_ENABLE_OBJC_WEAK = YES;
				CLANG_WARN_BLOCK_CAPTURE_AUTORELEASING = YES;
				CLANG_WARN_BOOL_CONVERSION = YES;
				CLANG_WARN_COMMA = YES;
				CLANG_WARN_CONSTANT_CONVERSION = YES;
				CLANG_WARN_DEPRECATED_OBJC_IMPLEMENTATIONS = YES;
				CLANG_WARN_DIRECT_OBJC_ISA_USAGE = YES_ERROR;
				CLANG_WARN_DOCUMENTATION_COMMENTS = YES;
				CLANG_WARN_EMPTY_BODY = YES;
				CLANG_WARN_ENUM_CONVERSION = YES;
				CLANG_WARN_INFINITE_RECURSION = YES;
				CLANG_WARN_INT_CONVERSION = YES;
				CLANG_WARN_NON_LITERAL_NULL_CONVERSION = YES;
				CLANG_WARN_OBJC_IMPLICIT_RETAIN_SELF = YES;
				CLANG_WARN_OBJC_LITERAL_CONVERSION = YES;
				CLANG_WARN_OBJC_ROOT_CLASS = YES_ERROR;
				CLANG_WARN_QUOTED_INCLUDE_IN_FRAMEWORK_HEADER = YES;
				CLANG_WARN_RANGE_LOOP_ANALYSIS = YES;
				CLANG_WARN_STRICT_PROTOTYPES = YES;
				CLANG_WARN_SUSPICIOUS_MOVE = YES;
				CLANG_WARN_UNGUARDED_AVAILABILITY = YES_AGGRESSIVE;
				CLANG_WARN_UNREACHABLE_CODE = YES;
				CLANG_WARN__DUPLICATE_METHOD_MATCH = YES;
				COPY_PHASE_STRIP = NO;
				DEBUG_INFORMATION_FORMAT = "dwarf-with-dsym";
				ENABLE_NS_ASSERTIONS = NO;
				ENABLE_STRICT_OBJC_MSGSEND = YES;
				ENABLE_USER_SCRIPT_SANDBOXING = YES;
				GCC_C_LANGUAGE_STANDARD = gnu17;
				GCC_NO_COMMON_BLOCKS = YES;
				GCC_WARN_64_TO_32_BIT_CONVERSION = YES;
				GCC_WARN_ABOUT_RETURN_TYPE = YES_ERROR;
				GCC_WARN_UNDECLARED_SELECTOR = YES;
				GCC_WARN_UNINITIALIZED_AUTOS = YES_AGGRESSIVE;
				GCC_WARN_UNUSED_FUNCTION = YES;
				GCC_WARN_UNUSED_VARIABLE = YES;
				LOCALIZATION_PREFERS_STRING_CATALOGS = YES;
				MTL_ENABLE_DEBUG_INFO = NO;
				MTL_FAST_MATH = YES;
				SWIFT_COMPILATION_MODE = wholemodule;
			};
			name = Release;
		};
		B2ADD9372CFAB0370061E1FD /* Debug */ = {
			isa = XCBuildConfiguration;
			buildSettings = {
				ALWAYS_EMBED_SWIFT_STANDARD_LIBRARIES = YES;
				ASSETCATALOG_COMPILER_APPICON_NAME = AppIcon;
				ASSETCATALOG_COMPILER_GLOBAL_ACCENT_COLOR_NAME = AccentColor;
				CODE_SIGN_ENTITLEMENTS = iBoard/iBoard.entitlements;
				CODE_SIGN_STYLE = Automatic;
				CURRENT_PROJECT_VERSION = 1;
				DEVELOPMENT_ASSET_PATHS = "\"iBoard/Preview Content\"";
				DEVELOPMENT_TEAM = UGT9K2LTQ3;
				ENABLE_HARDENED_RUNTIME = YES;
				ENABLE_PREVIEWS = YES;
				GENERATE_INFOPLIST_FILE = YES;
				INFOPLIST_KEY_LSApplicationCategoryType = "public.app-category.utilities";
				"INFOPLIST_KEY_UIApplicationSceneManifest_Generation[sdk=iphoneos*]" = YES;
				"INFOPLIST_KEY_UIApplicationSceneManifest_Generation[sdk=iphonesimulator*]" = YES;
				"INFOPLIST_KEY_UIApplicationSupportsIndirectInputEvents[sdk=iphoneos*]" = YES;
				"INFOPLIST_KEY_UIApplicationSupportsIndirectInputEvents[sdk=iphonesimulator*]" = YES;
				"INFOPLIST_KEY_UILaunchScreen_Generation[sdk=iphoneos*]" = YES;
				"INFOPLIST_KEY_UILaunchScreen_Generation[sdk=iphonesimulator*]" = YES;
				"INFOPLIST_KEY_UIStatusBarStyle[sdk=iphoneos*]" = UIStatusBarStyleDefault;
				"INFOPLIST_KEY_UIStatusBarStyle[sdk=iphonesimulator*]" = UIStatusBarStyleDefault;
				INFOPLIST_KEY_UISupportedInterfaceOrientations_iPad = "UIInterfaceOrientationPortrait UIInterfaceOrientationPortraitUpsideDown UIInterfaceOrientationLandscapeLeft UIInterfaceOrientationLandscapeRight";
				INFOPLIST_KEY_UISupportedInterfaceOrientations_iPhone = "UIInterfaceOrientationPortrait UIInterfaceOrientationLandscapeLeft UIInterfaceOrientationLandscapeRight";
				IPHONEOS_DEPLOYMENT_TARGET = 17.2;
				LD_RUNPATH_SEARCH_PATHS = "@executable_path/Frameworks";
				"LD_RUNPATH_SEARCH_PATHS[sdk=macosx*]" = "@executable_path/../Frameworks";
				MACOSX_DEPLOYMENT_TARGET = 13.7;
				MARKETING_VERSION = 1.0;
				PRODUCT_BUNDLE_IDENTIFIER = DannyFeng.iBoard;
				PRODUCT_NAME = "$(TARGET_NAME)";
				SDKROOT = auto;
				SUPPORTED_PLATFORMS = "iphoneos iphonesimulator macosx";
				SWIFT_EMIT_LOC_STRINGS = YES;
				SWIFT_VERSION = 5.0;
				TARGETED_DEVICE_FAMILY = "1,2";
			};
			name = Debug;
		};
		B2ADD9382CFAB0370061E1FD /* Release */ = {
			isa = XCBuildConfiguration;
			buildSettings = {
				ALWAYS_EMBED_SWIFT_STANDARD_LIBRARIES = YES;
				ASSETCATALOG_COMPILER_APPICON_NAME = AppIcon;
				ASSETCATALOG_COMPILER_GLOBAL_ACCENT_COLOR_NAME = AccentColor;
				CODE_SIGN_ENTITLEMENTS = iBoard/iBoard.entitlements;
				"CODE_SIGN_IDENTITY[sdk=macosx*]" = "-";
				CODE_SIGN_STYLE = Automatic;
				CURRENT_PROJECT_VERSION = 1;
				DEVELOPMENT_ASSET_PATHS = "\"iBoard/Preview Content\"";
				DEVELOPMENT_TEAM = UGT9K2LTQ3;
				ENABLE_HARDENED_RUNTIME = YES;
				ENABLE_PREVIEWS = YES;
				GENERATE_INFOPLIST_FILE = YES;
				INFOPLIST_KEY_LSApplicationCategoryType = "public.app-category.utilities";
				"INFOPLIST_KEY_UIApplicationSceneManifest_Generation[sdk=iphoneos*]" = YES;
				"INFOPLIST_KEY_UIApplicationSceneManifest_Generation[sdk=iphonesimulator*]" = YES;
				"INFOPLIST_KEY_UIApplicationSupportsIndirectInputEvents[sdk=iphoneos*]" = YES;
				"INFOPLIST_KEY_UIApplicationSupportsIndirectInputEvents[sdk=iphonesimulator*]" = YES;
				"INFOPLIST_KEY_UILaunchScreen_Generation[sdk=iphoneos*]" = YES;
				"INFOPLIST_KEY_UILaunchScreen_Generation[sdk=iphonesimulator*]" = YES;
				"INFOPLIST_KEY_UIStatusBarStyle[sdk=iphoneos*]" = UIStatusBarStyleDefault;
				"INFOPLIST_KEY_UIStatusBarStyle[sdk=iphonesimulator*]" = UIStatusBarStyleDefault;
				INFOPLIST_KEY_UISupportedInterfaceOrientations_iPad = "UIInterfaceOrientationPortrait UIInterfaceOrientationPortraitUpsideDown UIInterfaceOrientationLandscapeLeft UIInterfaceOrientationLandscapeRight";
				INFOPLIST_KEY_UISupportedInterfaceOrientations_iPhone = "UIInterfaceOrientationPortrait UIInterfaceOrientationLandscapeLeft UIInterfaceOrientationLandscapeRight";
				IPHONEOS_DEPLOYMENT_TARGET = 17.2;
				LD_RUNPATH_SEARCH_PATHS = "@executable_path/Frameworks";
				"LD_RUNPATH_SEARCH_PATHS[sdk=macosx*]" = "@executable_path/../Frameworks";
				MACOSX_DEPLOYMENT_TARGET = 13.7;
				MARKETING_VERSION = 1.0;
				PRODUCT_BUNDLE_IDENTIFIER = DannyFeng.iBoard;
				PRODUCT_NAME = "$(TARGET_NAME)";
				SDKROOT = auto;
				SUPPORTED_PLATFORMS = "iphoneos iphonesimulator macosx";
				SWIFT_EMIT_LOC_STRINGS = YES;
				SWIFT_VERSION = 5.0;
				TARGETED_DEVICE_FAMILY = "1,2";
			};
			name = Release;
		};
		B2ADD9502CFB50760061E1FD /* Debug */ = {
			isa = XCBuildConfiguration;
			buildSettings = {
				ASSETCATALOG_COMPILER_APPICON_NAME = AppIcon;
				ASSETCATALOG_COMPILER_GLOBAL_ACCENT_COLOR_NAME = AccentColor;
				CODE_SIGN_STYLE = Automatic;
				CURRENT_PROJECT_VERSION = 1;
				DEVELOPMENT_ASSET_PATHS = "\"iBoardWatch Watch App/Preview Content\"";
				DEVELOPMENT_TEAM = UGT9K2LTQ3;
				ENABLE_PREVIEWS = YES;
				GENERATE_INFOPLIST_FILE = YES;
				INFOPLIST_KEY_CFBundleDisplayName = iBoardWatch;
				INFOPLIST_KEY_UISupportedInterfaceOrientations = "UIInterfaceOrientationPortrait UIInterfaceOrientationPortraitUpsideDown";
				INFOPLIST_KEY_WKCompanionAppBundleIdentifier = DannyFeng.iBoard;
				LD_RUNPATH_SEARCH_PATHS = (
					"$(inherited)",
					"@executable_path/Frameworks",
				);
				MARKETING_VERSION = 1.0;
				PRODUCT_BUNDLE_IDENTIFIER = DannyFeng.iBoard.watchkitapp;
				PRODUCT_NAME = "$(TARGET_NAME)";
				SDKROOT = watchos;
				SKIP_INSTALL = YES;
				SWIFT_EMIT_LOC_STRINGS = YES;
				SWIFT_VERSION = 5.0;
				TARGETED_DEVICE_FAMILY = 4;
				WATCHOS_DEPLOYMENT_TARGET = 10.2;
			};
			name = Debug;
		};
		B2ADD9512CFB50760061E1FD /* Release */ = {
			isa = XCBuildConfiguration;
			buildSettings = {
				ASSETCATALOG_COMPILER_APPICON_NAME = AppIcon;
				ASSETCATALOG_COMPILER_GLOBAL_ACCENT_COLOR_NAME = AccentColor;
				CODE_SIGN_STYLE = Automatic;
				CURRENT_PROJECT_VERSION = 1;
				DEVELOPMENT_ASSET_PATHS = "\"iBoardWatch Watch App/Preview Content\"";
				DEVELOPMENT_TEAM = UGT9K2LTQ3;
				ENABLE_PREVIEWS = YES;
				GENERATE_INFOPLIST_FILE = YES;
				INFOPLIST_KEY_CFBundleDisplayName = iBoardWatch;
				INFOPLIST_KEY_UISupportedInterfaceOrientations = "UIInterfaceOrientationPortrait UIInterfaceOrientationPortraitUpsideDown";
				INFOPLIST_KEY_WKCompanionAppBundleIdentifier = DannyFeng.iBoard;
				LD_RUNPATH_SEARCH_PATHS = (
					"$(inherited)",
					"@executable_path/Frameworks",
				);
				MARKETING_VERSION = 1.0;
				PRODUCT_BUNDLE_IDENTIFIER = DannyFeng.iBoard.watchkitapp;
				PRODUCT_NAME = "$(TARGET_NAME)";
				SDKROOT = watchos;
				SKIP_INSTALL = YES;
				SWIFT_EMIT_LOC_STRINGS = YES;
				SWIFT_VERSION = 5.0;
				TARGETED_DEVICE_FAMILY = 4;
				VALIDATE_PRODUCT = YES;
				WATCHOS_DEPLOYMENT_TARGET = 10.2;
			};
			name = Release;
		};
/* End XCBuildConfiguration section */

/* Begin XCConfigurationList section */
		B2ADD9222CFAB0300061E1FD /* Build configuration list for PBXProject "iBoard" */ = {
			isa = XCConfigurationList;
			buildConfigurations = (
				B2ADD9342CFAB0370061E1FD /* Debug */,
				B2ADD9352CFAB0370061E1FD /* Release */,
			);
			defaultConfigurationIsVisible = 0;
			defaultConfigurationName = Release;
		};
		B2ADD9362CFAB0370061E1FD /* Build configuration list for PBXNativeTarget "iBoard" */ = {
			isa = XCConfigurationList;
			buildConfigurations = (
				B2ADD9372CFAB0370061E1FD /* Debug */,
				B2ADD9382CFAB0370061E1FD /* Release */,
			);
			defaultConfigurationIsVisible = 0;
			defaultConfigurationName = Release;
		};
		B2ADD9522CFB50760061E1FD /* Build configuration list for PBXNativeTarget "iBoardWatch Watch App" */ = {
			isa = XCConfigurationList;
			buildConfigurations = (
				B2ADD9502CFB50760061E1FD /* Debug */,
				B2ADD9512CFB50760061E1FD /* Release */,
			);
			defaultConfigurationIsVisible = 0;
			defaultConfigurationName = Release;
		};
/* End XCConfigurationList section */

/* Begin XCRemoteSwiftPackageReference section */
		B29BC8CB2CFC59360007629F /* XCRemoteSwiftPackageReference "Vela" */ = {
			isa = XCRemoteSwiftPackageReference;
			repositoryURL = "https://github.com/Serene-Garden/Vela";
			requirement = {
				branch = main;
				kind = branch;
			};
		};
/* End XCRemoteSwiftPackageReference section */

/* Begin XCSwiftPackageProductDependency section */
		B29BC8CC2CFC59360007629F /* Vela */ = {
			isa = XCSwiftPackageProductDependency;
			package = B29BC8CB2CFC59360007629F /* XCRemoteSwiftPackageReference "Vela" */;
			productName = Vela;
		};
/* End XCSwiftPackageProductDependency section */
	};
	rootObject = B2ADD91F2CFAB0300061E1FD /* Project object */;
}
